{
  "nodes": {
    "nixpkgs": {
      "locked": {
        "lastModified": 0,
        "narHash": "sha256-6hl6L/tRnwubHcA4pfUUtk542wn2Om+D4UnDhlDW9BE=",
        "path": "/nix/store/9qd2bi98nh9yd4axm9zr16zln01w62q3-source",
        "type": "path"
      },
      "original": {
        "id": "nixpkgs",
        "type": "indirect"
      }
    },
    "pyproject-nix": {
      "inputs": {
        "nixpkgs": [
          "nixpkgs"
        ]
      },
      "locked": {
        "lastModified": 1743391020,
        "narHash": "sha256-2rBj3seg1i1EOYi0toXzptPt8qw9BlIqkvUuR/fEzJk=",
        "owner": "pyproject-nix",
        "repo": "pyproject.nix",
        "rev": "953f6405f4d4b9bfead18d0f53c045650c58e8f4",
        "type": "github"
      },
      "original": {
        "owner": "pyproject-nix",
        "repo": "pyproject.nix",
        "type": "github"
      }
    },
    "root": {
      "inputs": {
        "nixpkgs": "nixpkgs",
        "pyproject-nix": "pyproject-nix"
      }
    }
  },
  "root": "root",
  "version": 7
}
